Microsoft Visual Studio Solution File, Format Version 12.00
# Visual Studio 2013
VisualStudioVersion = 12.0.30723.0
MinimumVisualStudioVersion = 10.0.40219.1
Project("{FAE04EC0-301F-11D3-BF4B-00C04F79EFBC}") = "CottagePriceCalculator", "CottagePriceCalculator\CottagePriceCalculator.csproj", "{FAE8A025-E58C-4040-851D-A3FD5D73E1BE}"
EndProject
Global
	GlobalSection(SolutionConfigurationPlatforms) = preSolution
		Debug|Any CPU = Debug|Any CPU
		Release|Any CPU = Release|Any CPU
	EndGlobalSection
	GlobalSection(ProjectConfigurationPlatforms) = postSolution
		{FAE8A025-E58C-4040-851D-A3FD5D73E1BE}.Debug|Any CPU.ActiveCfg = Debug|Any CPU
		{FAE8A025-E58C-4040-851D-A3FD5D73E1BE}.Debug|Any CPU.Build.0 = Debug|Any CPU
		{FAE8A025-E58C-4040-851D-A3FD5D73E1BE}.Release|Any CPU.ActiveCfg = Release|Any CPU
		{FAE8A025-E58C-4040-851D-A3FD5D73E1BE}.Release|Any CPU.Build.0 = Release|Any CPU
	EndGlobalSection
	GlobalSection(SolutionProperties) = preSolution
		HideSolutionNode = FALSE
	EndGlobalSection
EndGlobal
